
Microsoft Visual Studio Solution File, Format Version 12.00
# Visual Studio Version 16
VisualStudioVersion = 16.0.32413.511
MinimumVisualStudioVersion = 10.0.40219.1
Project("{FAE04EC0-301F-11D3-BF4B-00C04F79EFBC}") = "Multiplex", "Multiplex.csproj", "{9D5DE0CA-992F-43B9-B6B6-9D979C37ACFB}"
EndProject
Project("{FAE04EC0-301F-11D3-BF4B-00C04F79EFBC}") = "Data", "..\Data\Data.csproj", "{A0FF751E-0725-44EC-B36C-8874F58B4C2D}"
EndProject
Project("{FAE04EC0-301F-11D3-BF4B-00C04F79EFBC}") = "Repository", "..\Repository\Repository.csproj", "{16D61DC9-2B1E-4D64-80E1-AD7402318071}"
EndProject
Project("{FAE04EC0-301F-11D3-BF4B-00C04F79EFBC}") = "ServiceLayer", "..\ServiceLayer\ServiceLayer.csproj", "{93B4095C-366B-4288-BCA0-D987C5CE5DEE}"
EndProject
Global
	GlobalSection(SolutionConfigurationPlatforms) = preSolution
		Debug|Any CPU = Debug|Any CPU
		Release|Any CPU = Release|Any CPU
	EndGlobalSection
	GlobalSection(ProjectConfigurationPlatforms) = postSolution
		{9D5DE0CA-992F-43B9-B6B6-9D979C37ACFB}.Debug|Any CPU.ActiveCfg = Debug|Any CPU
		{9D5DE0CA-992F-43B9-B6B6-9D979C37ACFB}.Debug|Any CPU.Build.0 = Debug|Any CPU
		{9D5DE0CA-992F-43B9-B6B6-9D979C37ACFB}.Release|Any CPU.ActiveCfg = Release|Any CPU
		{9D5DE0CA-992F-43B9-B6B6-9D979C37ACFB}.Release|Any CPU.Build.0 = Release|Any CPU
		{A0FF751E-0725-44EC-B36C-8874F58B4C2D}.Debug|Any CPU.ActiveCfg = Debug|Any CPU
		{A0FF751E-0725-44EC-B36C-8874F58B4C2D}.Debug|Any CPU.Build.0 = Debug|Any CPU
		{A0FF751E-0725-44EC-B36C-8874F58B4C2D}.Release|Any CPU.ActiveCfg = Release|Any CPU
		{A0FF751E-0725-44EC-B36C-8874F58B4C2D}.Release|Any CPU.Build.0 = Release|Any CPU
		{16D61DC9-2B1E-4D64-80E1-AD7402318071}.Debug|Any CPU.ActiveCfg = Debug|Any CPU
		{16D61DC9-2B1E-4D64-80E1-AD7402318071}.Debug|Any CPU.Build.0 = Debug|Any CPU
		{16D61DC9-2B1E-4D64-80E1-AD7402318071}.Release|Any CPU.ActiveCfg = Release|Any CPU
		{16D61DC9-2B1E-4D64-80E1-AD7402318071}.Release|Any CPU.Build.0 = Release|Any CPU
		{93B4095C-366B-4288-BCA0-D987C5CE5DEE}.Debug|Any CPU.ActiveCfg = Debug|Any CPU
		{93B4095C-366B-4288-BCA0-D987C5CE5DEE}.Debug|Any CPU.Build.0 = Debug|Any CPU
		{93B4095C-366B-4288-BCA0-D987C5CE5DEE}.Release|Any CPU.ActiveCfg = Release|Any CPU
		{93B4095C-366B-4288-BCA0-D987C5CE5DEE}.Release|Any CPU.Build.0 = Release|Any CPU
	EndGlobalSection
	GlobalSection(SolutionProperties) = preSolution
		HideSolutionNode = FALSE
	EndGlobalSection
	GlobalSection(ExtensibilityGlobals) = postSolution
		SolutionGuid = {55250DB2-BCC4-4799-A8D1-A1871CD0EE00}
	EndGlobalSection
EndGlobal
